
Microsoft Visual Studio Solution File, Format Version 12.00
# Visual Studio Version 16
VisualStudioVersion = 16.0.30204.135
MinimumVisualStudioVersion = 10.0.40219.1
Project("{FAE04EC0-301F-11D3-BF4B-00C04F79EFBC}") = "ListaCompras.Server", "ListaCompras\Server\ListaCompras.Server.csproj", "{63ADA895-8A06-486B-92A2-C1C73CAA7A40}"
EndProject
Project("{FAE04EC0-301F-11D3-BF4B-00C04F79EFBC}") = "ListaCompras.Client", "ListaCompras\Client\ListaCompras.Client.csproj", "{D4741299-F8F7-40F5-A146-F7ECEB3ED728}"
EndProject
Project("{FAE04EC0-301F-11D3-BF4B-00C04F79EFBC}") = "ListaCompras.Shared", "ListaCompras\Shared\ListaCompras.Shared.csproj", "{09E54EE9-7466-41D2-88D8-E3B51BF1DDFC}"
EndProject
Global
	GlobalSection(SolutionConfigurationPlatforms) = preSolution
		Debug|Any CPU = Debug|Any CPU
		Release|Any CPU = Release|Any CPU
	EndGlobalSection
	GlobalSection(ProjectConfigurationPlatforms) = postSolution
		{63ADA895-8A06-486B-92A2-C1C73CAA7A40}.Debug|Any CPU.ActiveCfg = Debug|Any CPU
		{63ADA895-8A06-486B-92A2-C1C73CAA7A40}.Debug|Any CPU.Build.0 = Debug|Any CPU
		{63ADA895-8A06-486B-92A2-C1C73CAA7A40}.Release|Any CPU.ActiveCfg = Release|Any CPU
		{63ADA895-8A06-486B-92A2-C1C73CAA7A40}.Release|Any CPU.Build.0 = Release|Any CPU
		{D4741299-F8F7-40F5-A146-F7ECEB3ED728}.Debug|Any CPU.ActiveCfg = Debug|Any CPU
		{D4741299-F8F7-40F5-A146-F7ECEB3ED728}.Debug|Any CPU.Build.0 = Debug|Any CPU
		{D4741299-F8F7-40F5-A146-F7ECEB3ED728}.Release|Any CPU.ActiveCfg = Release|Any CPU
		{D4741299-F8F7-40F5-A146-F7ECEB3ED728}.Release|Any CPU.Build.0 = Release|Any CPU
		{09E54EE9-7466-41D2-88D8-E3B51BF1DDFC}.Debug|Any CPU.ActiveCfg = Debug|Any CPU
		{09E54EE9-7466-41D2-88D8-E3B51BF1DDFC}.Debug|Any CPU.Build.0 = Debug|Any CPU
		{09E54EE9-7466-41D2-88D8-E3B51BF1DDFC}.Release|Any CPU.ActiveCfg = Release|Any CPU
		{09E54EE9-7466-41D2-88D8-E3B51BF1DDFC}.Release|Any CPU.Build.0 = Release|Any CPU
	EndGlobalSection
	GlobalSection(SolutionProperties) = preSolution
		HideSolutionNode = FALSE
	EndGlobalSection
	GlobalSection(ExtensibilityGlobals) = postSolution
		SolutionGuid = {599FF1E4-D30B-4CED-9EE2-C39CC13BC350}
	EndGlobalSection
EndGlobal
